
Microsoft Visual Studio Solution File, Format Version 12.00
# Visual Studio Version 17
VisualStudioVersion = 17.9.34701.34
MinimumVisualStudioVersion = 10.0.40219.1
Project("{FAE04EC0-301F-11D3-BF4B-00C04F79EFBC}") = "ProyectoGrupos", "ProyectoGrupos\ProyectoGrupos.csproj", "{90D828A3-D36A-4E39-995A-151900F3FA22}"
EndProject
Project("{FAE04EC0-301F-11D3-BF4B-00C04F79EFBC}") = "Entidades", "Entidades\Entidades.csproj", "{AF43BE9C-177D-4EBA-9A0F-D41C658BF200}"
EndProject
Project("{FAE04EC0-301F-11D3-BF4B-00C04F79EFBC}") = "Repositorio", "Repositorio\Repositorio.csproj", "{DF30C604-8DF7-485E-B72D-CBD49D777E69}"
EndProject
Global
	GlobalSection(SolutionConfigurationPlatforms) = preSolution
		Debug|Any CPU = Debug|Any CPU
		Release|Any CPU = Release|Any CPU
	EndGlobalSection
	GlobalSection(ProjectConfigurationPlatforms) = postSolution
		{90D828A3-D36A-4E39-995A-151900F3FA22}.Debug|Any CPU.ActiveCfg = Debug|Any CPU
		{90D828A3-D36A-4E39-995A-151900F3FA22}.Debug|Any CPU.Build.0 = Debug|Any CPU
		{90D828A3-D36A-4E39-995A-151900F3FA22}.Release|Any CPU.ActiveCfg = Release|Any CPU
		{90D828A3-D36A-4E39-995A-151900F3FA22}.Release|Any CPU.Build.0 = Release|Any CPU
		{AF43BE9C-177D-4EBA-9A0F-D41C658BF200}.Debug|Any CPU.ActiveCfg = Debug|Any CPU
		{AF43BE9C-177D-4EBA-9A0F-D41C658BF200}.Debug|Any CPU.Build.0 = Debug|Any CPU
		{AF43BE9C-177D-4EBA-9A0F-D41C658BF200}.Release|Any CPU.ActiveCfg = Release|Any CPU
		{AF43BE9C-177D-4EBA-9A0F-D41C658BF200}.Release|Any CPU.Build.0 = Release|Any CPU
		{DF30C604-8DF7-485E-B72D-CBD49D777E69}.Debug|Any CPU.ActiveCfg = Debug|Any CPU
		{DF30C604-8DF7-485E-B72D-CBD49D777E69}.Debug|Any CPU.Build.0 = Debug|Any CPU
		{DF30C604-8DF7-485E-B72D-CBD49D777E69}.Release|Any CPU.ActiveCfg = Release|Any CPU
		{DF30C604-8DF7-485E-B72D-CBD49D777E69}.Release|Any CPU.Build.0 = Release|Any CPU
	EndGlobalSection
	GlobalSection(SolutionProperties) = preSolution
		HideSolutionNode = FALSE
	EndGlobalSection
	GlobalSection(ExtensibilityGlobals) = postSolution
		SolutionGuid = {59C9E9FA-33D3-4527-B781-3C5AC885D16F}
	EndGlobalSection
EndGlobal
